
Microsoft Visual Studio Solution File, Format Version 12.00
# Visual Studio Version 17
VisualStudioVersion = 17.7.34024.191
MinimumVisualStudioVersion = 10.0.40219.1
Project("{FAE04EC0-301F-11D3-BF4B-00C04F79EFBC}") = "Malovani", "Malovani\Malovani.csproj", "{9047E940-4179-4A87-A07F-0C16AEC6AAEB}"
EndProject
Global
	GlobalSection(SolutionConfigurationPlatforms) = preSolution
		Debug|Any CPU = Debug|Any CPU
		Release|Any CPU = Release|Any CPU
	EndGlobalSection
	GlobalSection(ProjectConfigurationPlatforms) = postSolution
		{9047E940-4179-4A87-A07F-0C16AEC6AAEB}.Debug|Any CPU.ActiveCfg = Debug|Any CPU
		{9047E940-4179-4A87-A07F-0C16AEC6AAEB}.Debug|Any CPU.Build.0 = Debug|Any CPU
		{9047E940-4179-4A87-A07F-0C16AEC6AAEB}.Release|Any CPU.ActiveCfg = Release|Any CPU
		{9047E940-4179-4A87-A07F-0C16AEC6AAEB}.Release|Any CPU.Build.0 = Release|Any CPU
	EndGlobalSection
	GlobalSection(SolutionProperties) = preSolution
		HideSolutionNode = FALSE
	EndGlobalSection
	GlobalSection(ExtensibilityGlobals) = postSolution
		SolutionGuid = {6EB63E67-DAED-4EF2-99C7-CE5BE93C9EC7}
	EndGlobalSection
EndGlobal
