
Microsoft Visual Studio Solution File, Format Version 12.00
# Visual Studio Version 17
VisualStudioVersion = 17.7.34024.191
MinimumVisualStudioVersion = 10.0.40219.1
Project("{FAE04EC0-301F-11D3-BF4B-00C04F79EFBC}") = "Deathroll", "Deathroll\Deathroll.csproj", "{4D874C62-63F1-4D03-B88F-226530B5F6CA}"
EndProject
Global
	GlobalSection(SolutionConfigurationPlatforms) = preSolution
		Debug|Any CPU = Debug|Any CPU
		Release|Any CPU = Release|Any CPU
	EndGlobalSection
	GlobalSection(ProjectConfigurationPlatforms) = postSolution
		{4D874C62-63F1-4D03-B88F-226530B5F6CA}.Debug|Any CPU.ActiveCfg = Debug|Any CPU
		{4D874C62-63F1-4D03-B88F-226530B5F6CA}.Debug|Any CPU.Build.0 = Debug|Any CPU
		{4D874C62-63F1-4D03-B88F-226530B5F6CA}.Release|Any CPU.ActiveCfg = Release|Any CPU
		{4D874C62-63F1-4D03-B88F-226530B5F6CA}.Release|Any CPU.Build.0 = Release|Any CPU
	EndGlobalSection
	GlobalSection(SolutionProperties) = preSolution
		HideSolutionNode = FALSE
	EndGlobalSection
	GlobalSection(ExtensibilityGlobals) = postSolution
		SolutionGuid = {8FE832A3-ABCC-4AD3-90D1-CC61E4398A72}
	EndGlobalSection
EndGlobal
